# This file is automatically @generated by Wally.
# It is not intended for manual editing.
registry = "test"

[[package]]
name = "lucasmzreal/fastsignal"
version = "10.2.1"
dependencies = []

[[package]]
name = "reimakesgames/link"
version = "0.3.0"
dependencies = [["fastsignal", "lucasmzreal/fastsignal@10.2.1"]]

[[package]]
name = "reimakesgames/prisma"
version = "0.2.2"
dependencies = [["link", "reimakesgames/link@0.3.0"]]
